
Microsoft Visual Studio Solution File, Format Version 12.00
# Visual Studio Version 16
VisualStudioVersion = 16.0.31025.194
MinimumVisualStudioVersion = 10.0.40219.1
Project("{FAE04EC0-301F-11D3-BF4B-00C04F79EFBC}") = "CSCI330_ProjectCatalyst", "CSCI330_ProjectCatalyst\CSCI330_ProjectCatalyst.csproj", "{D03D644D-4468-40B3-94D0-8162CBA5DE5E}"
EndProject
Global
	GlobalSection(SolutionConfigurationPlatforms) = preSolution
		Debug|Any CPU = Debug|Any CPU
		Release|Any CPU = Release|Any CPU
	EndGlobalSection
	GlobalSection(ProjectConfigurationPlatforms) = postSolution
		{D03D644D-4468-40B3-94D0-8162CBA5DE5E}.Debug|Any CPU.ActiveCfg = Debug|Any CPU
		{D03D644D-4468-40B3-94D0-8162CBA5DE5E}.Debug|Any CPU.Build.0 = Debug|Any CPU
		{D03D644D-4468-40B3-94D0-8162CBA5DE5E}.Release|Any CPU.ActiveCfg = Release|Any CPU
		{D03D644D-4468-40B3-94D0-8162CBA5DE5E}.Release|Any CPU.Build.0 = Release|Any CPU
	EndGlobalSection
	GlobalSection(SolutionProperties) = preSolution
		HideSolutionNode = FALSE
	EndGlobalSection
	GlobalSection(ExtensibilityGlobals) = postSolution
		SolutionGuid = {BA69E9B7-F6D6-4DDD-B1F9-B1BE83D96305}
	EndGlobalSection
EndGlobal
